{
    "name": "helloworld",
    "version": "1.0.0",
    "lockfileVersion": 1,
    "requires": true,
    "dependencies": {
        "@types/cordova-plugin-file-transfer": {
            "version": "1.6.2",
            "resolved": "https://registry.npmjs.org/@types/cordova-plugin-file-transfer/-/cordova-plugin-file-transfer-1.6.2.tgz",
            "integrity": "sha512-jWZQefyVn/GiQAdummRoY1v5cUY4dT7GNk3Hg40iUtL68y40jKWD3ALAtMM4pnYt9RSMTlsgs1I7/apXexddvw==",
            "requires": {
                "cordova-plugin-file-transfer": "*"
            }
        },
        "base64-js": {
            "version": "1.3.0",
            "resolved": "https://registry.npmjs.org/base64-js/-/base64-js-1.3.0.tgz",
            "integrity": "sha512-ccav/yGvoa80BQDljCxsmmQ3Xvx60/UpBIij5QN21W3wBi/hhIC9OoO+KLpu9IJTS9j4DRVJ3aDDF9cMSoa2lw=="
        },
        "cordova-plugin-file-transfer": {
            "version": "1.7.1",
            "resolved": "https://registry.npmjs.org/cordova-plugin-file-transfer/-/cordova-plugin-file-transfer-1.7.1.tgz",
            "integrity": "sha1-p12L4uvDu5sjxbG70ZkhTsJnWGs="
        },
        "cordova-plugin-ionic": {
            "version": "5.3.0",
            "resolved": "https://registry.npmjs.org/cordova-plugin-ionic/-/cordova-plugin-ionic-5.3.0.tgz",
            "integrity": "sha512-INMNiPlBsgAndLBqOGvrvGhz/gV4PtLu7yOgRZ6cwQq7qBSnO59GheRZC97rh/1j5LakkKi9lJEeve8+xoz8jg==",
            "requires": {
                "@types/cordova-plugin-file-transfer": "^1.6.2",
                "mkpath": ">=1.0.0",
                "node-version-compare": ">=1.0.1",
                "plist": ">=1.2.0",
                "xml2js": ">=0.4"
            }
        },
        "mkpath": {
            "version": "1.0.0",
            "resolved": "https://registry.npmjs.org/mkpath/-/mkpath-1.0.0.tgz",
            "integrity": "sha1-67Opd+evHGg65v2hK1Raa6bFhT0="
        },
        "node-version-compare": {
            "version": "1.0.2",
            "resolved": "https://registry.npmjs.org/node-version-compare/-/node-version-compare-1.0.2.tgz",
            "integrity": "sha512-OVcHSPS3nROlBQXcALptOR0j2lOabC9wE2S+y+Fvr7nSDqoO/LCNzRdVGVovipeHUXs5jAqq7GelWE1X4J1sEw=="
        },
        "plist": {
            "version": "3.0.1",
            "resolved": "https://registry.npmjs.org/plist/-/plist-3.0.1.tgz",
            "integrity": "sha512-GpgvHHocGRyQm74b6FWEZZVRroHKE1I0/BTjAmySaohK+cUn+hZpbqXkc3KWgW3gQYkqcQej35FohcT0FRlkRQ==",
            "requires": {
                "base64-js": "^1.2.3",
                "xmlbuilder": "^9.0.7",
                "xmldom": "0.1.x"
            }
        },
        "sax": {
            "version": "1.2.4",
            "resolved": "https://registry.npmjs.org/sax/-/sax-1.2.4.tgz",
            "integrity": "sha512-NqVDv9TpANUjFm0N8uM5GxL36UgKi9/atZw+x7YFnQ8ckwFGKrl4xX4yWtrey3UJm5nP1kUbnYgLopqWNSRhWw=="
        },
        "xml2js": {
            "version": "0.4.19",
            "resolved": "https://registry.npmjs.org/xml2js/-/xml2js-0.4.19.tgz",
            "integrity": "sha512-esZnJZJOiJR9wWKMyuvSE1y6Dq5LCuJanqhxslH2bxM6duahNZ+HMpCLhBQGZkbX6xRf8x1Y2eJlgt2q3qo49Q==",
            "requires": {
                "sax": ">=0.6.0",
                "xmlbuilder": "~9.0.1"
            }
        },
        "xmlbuilder": {
            "version": "9.0.7",
            "resolved": "https://registry.npmjs.org/xmlbuilder/-/xmlbuilder-9.0.7.tgz",
            "integrity": "sha1-Ey7mPS7FVlxVfiD0wi35rKaGsQ0="
        },
        "xmldom": {
            "version": "0.1.27",
            "resolved": "https://registry.npmjs.org/xmldom/-/xmldom-0.1.27.tgz",
            "integrity": "sha1-1QH5ezvbQDr4757MIFcxh6rawOk="
        }
    }
}
